
Microsoft Visual Studio Solution File, Format Version 12.00
# Visual Studio Version 16
VisualStudioVersion = 16.0.31729.503
MinimumVisualStudioVersion = 10.0.40219.1
Project("{FAE04EC0-301F-11D3-BF4B-00C04F79EFBC}") = "FlappyBird", "FlappyBird\FlappyBird.csproj", "{68E5EACB-DC7F-4CDE-8D36-2E7F7123C171}"
EndProject
Global
	GlobalSection(SolutionConfigurationPlatforms) = preSolution
		Debug|Any CPU = Debug|Any CPU
		Release|Any CPU = Release|Any CPU
	EndGlobalSection
	GlobalSection(ProjectConfigurationPlatforms) = postSolution
		{68E5EACB-DC7F-4CDE-8D36-2E7F7123C171}.Debug|Any CPU.ActiveCfg = Debug|Any CPU
		{68E5EACB-DC7F-4CDE-8D36-2E7F7123C171}.Debug|Any CPU.Build.0 = Debug|Any CPU
		{68E5EACB-DC7F-4CDE-8D36-2E7F7123C171}.Release|Any CPU.ActiveCfg = Release|Any CPU
		{68E5EACB-DC7F-4CDE-8D36-2E7F7123C171}.Release|Any CPU.Build.0 = Release|Any CPU
	EndGlobalSection
	GlobalSection(SolutionProperties) = preSolution
		HideSolutionNode = FALSE
	EndGlobalSection
	GlobalSection(ExtensibilityGlobals) = postSolution
		SolutionGuid = {EE34622E-1F3D-445E-9D18-A5FE8C7ABA4D}
	EndGlobalSection
EndGlobal
